
Microsoft Visual Studio Solution File, Format Version 12.00
# Visual Studio 15
VisualStudioVersion = 15.0.28307.421
MinimumVisualStudioVersion = 10.0.40219.1
Project("{888888A0-9F3D-457C-B088-3A5042F75D52}") = "Dismis-master", "Dismis-master.pyproj", "{2174528E-1787-476B-B9EF-1A1723D11559}"
EndProject
Global
	GlobalSection(SolutionConfigurationPlatforms) = preSolution
		Debug|Any CPU = Debug|Any CPU
		Release|Any CPU = Release|Any CPU
	EndGlobalSection
	GlobalSection(ProjectConfigurationPlatforms) = postSolution
		{2174528E-1787-476B-B9EF-1A1723D11559}.Debug|Any CPU.ActiveCfg = Debug|Any CPU
		{2174528E-1787-476B-B9EF-1A1723D11559}.Release|Any CPU.ActiveCfg = Release|Any CPU
	EndGlobalSection
	GlobalSection(SolutionProperties) = preSolution
		HideSolutionNode = FALSE
	EndGlobalSection
	GlobalSection(ExtensibilityGlobals) = postSolution
		SolutionGuid = {EEF76480-8A84-4899-BC22-9144FBD1BA06}
	EndGlobalSection
EndGlobal
